
Microsoft Visual Studio Solution File, Format Version 12.00
# Visual Studio Version 16
VisualStudioVersion = 16.0.31624.102
MinimumVisualStudioVersion = 10.0.40219.1
Project("{9A19103F-16F7-4668-BE54-9A1E7A4F7556}") = "MyRectangle.Lab1.UI", "MyRactangleFirstTry\MyRectangle.Lab1.UI.csproj", "{9B8F8850-0DBF-4536-8D66-CC7833D0D370}"
EndProject
Project("{9A19103F-16F7-4668-BE54-9A1E7A4F7556}") = "MyRectangle.Lab1", "MyRectangle\MyRectangle.Lab1.csproj", "{1B862B41-D73F-4DA3-8D48-B72170ED106B}"
EndProject
Project("{9A19103F-16F7-4668-BE54-9A1E7A4F7556}") = "ComplexNumbers.Lab2", "ComplexNumbers.Lab2\ComplexNumbers.Lab2.csproj", "{8EA8D1E9-46C7-4302-BA3C-1423DEC55732}"
EndProject
Project("{9A19103F-16F7-4668-BE54-9A1E7A4F7556}") = "ComplexNumbers.Lab2.UI", "ComplexNumber.Lab2.UI\ComplexNumbers.Lab2.UI.csproj", "{B5E670E4-D154-47E8-ABD4-1EEE7D8AE938}"
EndProject
Project("{9A19103F-16F7-4668-BE54-9A1E7A4F7556}") = "ComplexNumbers.Lab2.Tests", "ComplexNumbers.Lab2.Tests\ComplexNumbers.Lab2.Tests.csproj", "{74DD381C-B44F-4CB8-9A27-06D3157136F6}"
EndProject
Project("{2150E333-8FDC-42A3-9474-1A3956D46DE8}") = "Lab1", "Lab1", "{BD0FAA73-CA2E-4898-8C4E-A917F1990067}"
EndProject
Project("{2150E333-8FDC-42A3-9474-1A3956D46DE8}") = "Lab2", "Lab2", "{573C3C38-C199-4AEC-B4A0-F5D8069059C7}"
EndProject
Project("{2150E333-8FDC-42A3-9474-1A3956D46DE8}") = "Lab3", "Lab3", "{3677EE72-7B2E-4A76-88E1-8764459C96B9}"
EndProject
Project("{9A19103F-16F7-4668-BE54-9A1E7A4F7556}") = "SquareMatrix.Lab3", "SquareMatrix.Lab3\SquareMatrix.Lab3.csproj", "{F1A2BD85-72AA-4109-B78D-13CBB3129D06}"
EndProject
Project("{9A19103F-16F7-4668-BE54-9A1E7A4F7556}") = "SquareMtrixTests", "SquareMtrixTests\SquareMtrixTests.csproj", "{7C663472-F152-4F2B-8085-84E470592E5A}"
EndProject
Project("{2150E333-8FDC-42A3-9474-1A3956D46DE8}") = "Lab4", "Lab4", "{A9B6A75C-4AD2-44CD-9A39-D9E2C6CDE1B6}"
EndProject
Project("{9A19103F-16F7-4668-BE54-9A1E7A4F7556}") = "StringWorking", "StringWorking\StringWorking.csproj", "{BA3D1B3B-829F-49D7-B03C-8BA1810CB1C9}"
EndProject
Project("{9A19103F-16F7-4668-BE54-9A1E7A4F7556}") = "StringWorking.Tests", "StringWorking.Tests\StringWorking.Tests.csproj", "{CEECF432-45CC-49C7-850D-52BA530D5A0F}"
EndProject
Project("{2150E333-8FDC-42A3-9474-1A3956D46DE8}") = "Lab5", "Lab5", "{EFE7301C-89C6-4DA3-9F10-3CE203A2AD68}"
EndProject
Project("{9A19103F-16F7-4668-BE54-9A1E7A4F7556}") = "DataValidation.Lab5", "DataValidation.Lab5\DataValidation.Lab5.csproj", "{69CFE71A-E3BD-4E52-874D-2D32C91D22CC}"
EndProject
Project("{9A19103F-16F7-4668-BE54-9A1E7A4F7556}") = "SquareMatrix.Lab3.U", "SquareMatrix.Lab3.U\SquareMatrix.Lab3.U.csproj", "{D973E402-B06D-4A44-BE04-DFA786B0371A}"
EndProject
Project("{9A19103F-16F7-4668-BE54-9A1E7A4F7556}") = "StringWorking.Lab4.UI", "StringWorking.Lab4.UI\StringWorking.Lab4.UI.csproj", "{53D29F50-1E3A-4470-B434-2D3BB43F3619}"
EndProject
Project("{FAE04EC0-301F-11D3-BF4B-00C04F79EFBC}") = "ConsoleMenuUI.Lib", "D:\Downloads\consolemenuui\ConsoleMenuUI.Lib\ConsoleMenuUI.Lib.csproj", "{C3FFDC9D-29B7-4F41-ADFF-E9028E824032}"
EndProject
Global
	GlobalSection(SolutionConfigurationPlatforms) = preSolution
		Debug|Any CPU = Debug|Any CPU
		Release|Any CPU = Release|Any CPU
	EndGlobalSection
	GlobalSection(ProjectConfigurationPlatforms) = postSolution
		{9B8F8850-0DBF-4536-8D66-CC7833D0D370}.Debug|Any CPU.ActiveCfg = Debug|Any CPU
		{9B8F8850-0DBF-4536-8D66-CC7833D0D370}.Debug|Any CPU.Build.0 = Debug|Any CPU
		{9B8F8850-0DBF-4536-8D66-CC7833D0D370}.Release|Any CPU.ActiveCfg = Release|Any CPU
		{9B8F8850-0DBF-4536-8D66-CC7833D0D370}.Release|Any CPU.Build.0 = Release|Any CPU
		{1B862B41-D73F-4DA3-8D48-B72170ED106B}.Debug|Any CPU.ActiveCfg = Debug|Any CPU
		{1B862B41-D73F-4DA3-8D48-B72170ED106B}.Debug|Any CPU.Build.0 = Debug|Any CPU
		{1B862B41-D73F-4DA3-8D48-B72170ED106B}.Release|Any CPU.ActiveCfg = Release|Any CPU
		{1B862B41-D73F-4DA3-8D48-B72170ED106B}.Release|Any CPU.Build.0 = Release|Any CPU
		{8EA8D1E9-46C7-4302-BA3C-1423DEC55732}.Debug|Any CPU.ActiveCfg = Debug|Any CPU
		{8EA8D1E9-46C7-4302-BA3C-1423DEC55732}.Debug|Any CPU.Build.0 = Debug|Any CPU
		{8EA8D1E9-46C7-4302-BA3C-1423DEC55732}.Release|Any CPU.ActiveCfg = Release|Any CPU
		{8EA8D1E9-46C7-4302-BA3C-1423DEC55732}.Release|Any CPU.Build.0 = Release|Any CPU
		{B5E670E4-D154-47E8-ABD4-1EEE7D8AE938}.Debug|Any CPU.ActiveCfg = Debug|Any CPU
		{B5E670E4-D154-47E8-ABD4-1EEE7D8AE938}.Debug|Any CPU.Build.0 = Debug|Any CPU
		{B5E670E4-D154-47E8-ABD4-1EEE7D8AE938}.Release|Any CPU.ActiveCfg = Release|Any CPU
		{B5E670E4-D154-47E8-ABD4-1EEE7D8AE938}.Release|Any CPU.Build.0 = Release|Any CPU
		{74DD381C-B44F-4CB8-9A27-06D3157136F6}.Debug|Any CPU.ActiveCfg = Debug|Any CPU
		{74DD381C-B44F-4CB8-9A27-06D3157136F6}.Debug|Any CPU.Build.0 = Debug|Any CPU
		{74DD381C-B44F-4CB8-9A27-06D3157136F6}.Release|Any CPU.ActiveCfg = Release|Any CPU
		{74DD381C-B44F-4CB8-9A27-06D3157136F6}.Release|Any CPU.Build.0 = Release|Any CPU
		{F1A2BD85-72AA-4109-B78D-13CBB3129D06}.Debug|Any CPU.ActiveCfg = Debug|Any CPU
		{F1A2BD85-72AA-4109-B78D-13CBB3129D06}.Debug|Any CPU.Build.0 = Debug|Any CPU
		{F1A2BD85-72AA-4109-B78D-13CBB3129D06}.Release|Any CPU.ActiveCfg = Release|Any CPU
		{F1A2BD85-72AA-4109-B78D-13CBB3129D06}.Release|Any CPU.Build.0 = Release|Any CPU
		{7C663472-F152-4F2B-8085-84E470592E5A}.Debug|Any CPU.ActiveCfg = Debug|Any CPU
		{7C663472-F152-4F2B-8085-84E470592E5A}.Debug|Any CPU.Build.0 = Debug|Any CPU
		{7C663472-F152-4F2B-8085-84E470592E5A}.Release|Any CPU.ActiveCfg = Release|Any CPU
		{7C663472-F152-4F2B-8085-84E470592E5A}.Release|Any CPU.Build.0 = Release|Any CPU
		{BA3D1B3B-829F-49D7-B03C-8BA1810CB1C9}.Debug|Any CPU.ActiveCfg = Debug|Any CPU
		{BA3D1B3B-829F-49D7-B03C-8BA1810CB1C9}.Debug|Any CPU.Build.0 = Debug|Any CPU
		{BA3D1B3B-829F-49D7-B03C-8BA1810CB1C9}.Release|Any CPU.ActiveCfg = Release|Any CPU
		{BA3D1B3B-829F-49D7-B03C-8BA1810CB1C9}.Release|Any CPU.Build.0 = Release|Any CPU
		{CEECF432-45CC-49C7-850D-52BA530D5A0F}.Debug|Any CPU.ActiveCfg = Debug|Any CPU
		{CEECF432-45CC-49C7-850D-52BA530D5A0F}.Debug|Any CPU.Build.0 = Debug|Any CPU
		{CEECF432-45CC-49C7-850D-52BA530D5A0F}.Release|Any CPU.ActiveCfg = Release|Any CPU
		{CEECF432-45CC-49C7-850D-52BA530D5A0F}.Release|Any CPU.Build.0 = Release|Any CPU
		{69CFE71A-E3BD-4E52-874D-2D32C91D22CC}.Debug|Any CPU.ActiveCfg = Debug|Any CPU
		{69CFE71A-E3BD-4E52-874D-2D32C91D22CC}.Debug|Any CPU.Build.0 = Debug|Any CPU
		{69CFE71A-E3BD-4E52-874D-2D32C91D22CC}.Release|Any CPU.ActiveCfg = Release|Any CPU
		{69CFE71A-E3BD-4E52-874D-2D32C91D22CC}.Release|Any CPU.Build.0 = Release|Any CPU
		{D973E402-B06D-4A44-BE04-DFA786B0371A}.Debug|Any CPU.ActiveCfg = Debug|Any CPU
		{D973E402-B06D-4A44-BE04-DFA786B0371A}.Debug|Any CPU.Build.0 = Debug|Any CPU
		{D973E402-B06D-4A44-BE04-DFA786B0371A}.Release|Any CPU.ActiveCfg = Release|Any CPU
		{D973E402-B06D-4A44-BE04-DFA786B0371A}.Release|Any CPU.Build.0 = Release|Any CPU
		{53D29F50-1E3A-4470-B434-2D3BB43F3619}.Debug|Any CPU.ActiveCfg = Debug|Any CPU
		{53D29F50-1E3A-4470-B434-2D3BB43F3619}.Debug|Any CPU.Build.0 = Debug|Any CPU
		{53D29F50-1E3A-4470-B434-2D3BB43F3619}.Release|Any CPU.ActiveCfg = Release|Any CPU
		{53D29F50-1E3A-4470-B434-2D3BB43F3619}.Release|Any CPU.Build.0 = Release|Any CPU
		{C3FFDC9D-29B7-4F41-ADFF-E9028E824032}.Debug|Any CPU.ActiveCfg = Debug|Any CPU
		{C3FFDC9D-29B7-4F41-ADFF-E9028E824032}.Debug|Any CPU.Build.0 = Debug|Any CPU
		{C3FFDC9D-29B7-4F41-ADFF-E9028E824032}.Release|Any CPU.ActiveCfg = Release|Any CPU
		{C3FFDC9D-29B7-4F41-ADFF-E9028E824032}.Release|Any CPU.Build.0 = Release|Any CPU
	EndGlobalSection
	GlobalSection(SolutionProperties) = preSolution
		HideSolutionNode = FALSE
	EndGlobalSection
	GlobalSection(NestedProjects) = preSolution
		{9B8F8850-0DBF-4536-8D66-CC7833D0D370} = {BD0FAA73-CA2E-4898-8C4E-A917F1990067}
		{1B862B41-D73F-4DA3-8D48-B72170ED106B} = {BD0FAA73-CA2E-4898-8C4E-A917F1990067}
		{8EA8D1E9-46C7-4302-BA3C-1423DEC55732} = {573C3C38-C199-4AEC-B4A0-F5D8069059C7}
		{B5E670E4-D154-47E8-ABD4-1EEE7D8AE938} = {573C3C38-C199-4AEC-B4A0-F5D8069059C7}
		{74DD381C-B44F-4CB8-9A27-06D3157136F6} = {573C3C38-C199-4AEC-B4A0-F5D8069059C7}
		{F1A2BD85-72AA-4109-B78D-13CBB3129D06} = {3677EE72-7B2E-4A76-88E1-8764459C96B9}
		{7C663472-F152-4F2B-8085-84E470592E5A} = {3677EE72-7B2E-4A76-88E1-8764459C96B9}
		{BA3D1B3B-829F-49D7-B03C-8BA1810CB1C9} = {A9B6A75C-4AD2-44CD-9A39-D9E2C6CDE1B6}
		{CEECF432-45CC-49C7-850D-52BA530D5A0F} = {A9B6A75C-4AD2-44CD-9A39-D9E2C6CDE1B6}
		{69CFE71A-E3BD-4E52-874D-2D32C91D22CC} = {EFE7301C-89C6-4DA3-9F10-3CE203A2AD68}
		{D973E402-B06D-4A44-BE04-DFA786B0371A} = {3677EE72-7B2E-4A76-88E1-8764459C96B9}
		{53D29F50-1E3A-4470-B434-2D3BB43F3619} = {A9B6A75C-4AD2-44CD-9A39-D9E2C6CDE1B6}
	EndGlobalSection
	GlobalSection(ExtensibilityGlobals) = postSolution
		SolutionGuid = {8A559CC1-177B-473A-8BA8-11BB8B441165}
	EndGlobalSection
EndGlobal
